github.com/Ullaakut/nmap v2.0.2+incompatible h1:edw45QpSQBQ2B/Hqfg86Bt5rrK79tp/fAcqIHyNSdQs=
github.com/Ullaakut/nmap v2.0.2+incompatible/go.mod h1:fkC066hwfcoKwlI7DS2ARTggSVtBTZYCjVH1TzuTMaQ=
github.com/c-robinson/iplib v1.0.8 h1:exDRViDyL9UBLcfmlxxkY5odWX5092nPsQIykHXhIn4=
github.com/c-robinson/iplib v1.0.8/go.mod h1:i3LuuFL1hRT5gFpBRnEydzw8R6yhGkF4szNDIbF8pgo=
github.com/c-robinson/iplib/v2 v2.0.4 h1:JXdnuM3qFv1DegshgAJQiOfvJ5BPdtEUm7Ft2ABGCqY=
github.com/c-robinson/iplib/v2 v2.0.4/go.mod h1:ZfjJB+pR8Guy++ylL+OgGzN9dd4jWAE1CszvwVrjlJI=
github.com/goburrow/modbus v0.1.0 h1:DejRZY73nEM6+bt5JSP6IsFolJ9dVcqxsYbpLbeW/ro=
github.com/goburrow/modbus v0.1.0/go.mod h1:Kx552D5rLIS8E7TyUwQ/UdHEqvX5T8tyiGBTlzMcZBg=
github.com/goburrow/serial v0.1.0 h1:v2T1SQa/dlUqQiYIT8+Cu7YolfqAi3K96UmhwYyuSrA=
github.com/goburrow/serial v0.1.0/go.mod h1:sAiqG0nRVswsm1C97xsttiYCzSLBmUZ/VSlVLZJ8haA=
lukechampine.com/uint128 v1.3.0 h1:cDdUVfRwDUDovz610ABgFD17nXD4/uDgVHl2sC3+sbo=
lukechampine.com/uint128 v1.3.0/go.mod h1:c4eWIwlEGaxC/+H1VguhU4PHXNWDCDMUlWdIWl2j1gk=
